
Microsoft Visual Studio Solution File, Format Version 12.00
# Visual Studio Version 16
VisualStudioVersion = 16.0.31424.327
MinimumVisualStudioVersion = 10.0.40219.1
Project("{FAE04EC0-301F-11D3-BF4B-00C04F79EFBC}") = "week07", "week07\week07.csproj", "{827C6F11-B327-46E1-8A51-17EA4ED8BD8C}"
EndProject
Global
	GlobalSection(SolutionConfigurationPlatforms) = preSolution
		Debug|Any CPU = Debug|Any CPU
		Release|Any CPU = Release|Any CPU
	EndGlobalSection
	GlobalSection(ProjectConfigurationPlatforms) = postSolution
		{827C6F11-B327-46E1-8A51-17EA4ED8BD8C}.Debug|Any CPU.ActiveCfg = Debug|Any CPU
		{827C6F11-B327-46E1-8A51-17EA4ED8BD8C}.Debug|Any CPU.Build.0 = Debug|Any CPU
		{827C6F11-B327-46E1-8A51-17EA4ED8BD8C}.Release|Any CPU.ActiveCfg = Release|Any CPU
		{827C6F11-B327-46E1-8A51-17EA4ED8BD8C}.Release|Any CPU.Build.0 = Release|Any CPU
	EndGlobalSection
	GlobalSection(SolutionProperties) = preSolution
		HideSolutionNode = FALSE
	EndGlobalSection
	GlobalSection(ExtensibilityGlobals) = postSolution
		SolutionGuid = {5B469FE2-CFC3-4D3F-A4A4-BEAC68A176ED}
	EndGlobalSection
EndGlobal
