
Microsoft Visual Studio Solution File, Format Version 12.00
# Visual Studio Version 16
VisualStudioVersion = 16.0.31424.327
MinimumVisualStudioVersion = 10.0.40219.1
Project("{FAE04EC0-301F-11D3-BF4B-00C04F79EFBC}") = "week10", "week10\week10.csproj", "{2A36C31B-9038-4CD7-8B67-3C68EF7BA7F2}"
EndProject
Global
	GlobalSection(SolutionConfigurationPlatforms) = preSolution
		Debug|Any CPU = Debug|Any CPU
		Release|Any CPU = Release|Any CPU
	EndGlobalSection
	GlobalSection(ProjectConfigurationPlatforms) = postSolution
		{2A36C31B-9038-4CD7-8B67-3C68EF7BA7F2}.Debug|Any CPU.ActiveCfg = Debug|Any CPU
		{2A36C31B-9038-4CD7-8B67-3C68EF7BA7F2}.Debug|Any CPU.Build.0 = Debug|Any CPU
		{2A36C31B-9038-4CD7-8B67-3C68EF7BA7F2}.Release|Any CPU.ActiveCfg = Release|Any CPU
		{2A36C31B-9038-4CD7-8B67-3C68EF7BA7F2}.Release|Any CPU.Build.0 = Release|Any CPU
	EndGlobalSection
	GlobalSection(SolutionProperties) = preSolution
		HideSolutionNode = FALSE
	EndGlobalSection
	GlobalSection(ExtensibilityGlobals) = postSolution
		SolutionGuid = {8FF2F8C4-7072-49F5-9C42-01655DADD9D7}
	EndGlobalSection
EndGlobal
